// !$*UTF8*$!
{
	archiveVersion = 1;
	classes = {
	};
	objectVersion = 55;
	objects = {

/* Begin PBXBuildFile section */
		8623F1C828369B4C00E824B1 /* AppDelegate.swift in Sources */ = {isa = PBXBuildFile; fileRef = 8623F1C728369B4C00E824B1 /* AppDelegate.swift */; };
		8623F1CA28369B4C00E824B1 /* SceneDelegate.swift in Sources */ = {isa = PBXBuildFile; fileRef = 8623F1C928369B4C00E824B1 /* SceneDelegate.swift */; };
		8623F1CC28369B4C00E824B1 /* ViewController.swift in Sources */ = {isa = PBXBuildFile; fileRef = 8623F1CB28369B4C00E824B1 /* ViewController.swift */; };
		8623F1CF28369B4C00E824B1 /* Main.storyboard in Resources */ = {isa = PBXBuildFile; fileRef = 8623F1CD28369B4C00E824B1 /* Main.storyboard */; };
		8623F1D228369B4C00E824B1 /* Grocery_Manager.xcdatamodeld in Sources */ = {isa = PBXBuildFile; fileRef = 8623F1D028369B4C00E824B1 /* Grocery_Manager.xcdatamodeld */; };
		8623F1D428369B4D00E824B1 /* Assets.xcassets in Resources */ = {isa = PBXBuildFile; fileRef = 8623F1D328369B4D00E824B1 /* Assets.xcassets */; };
		8623F1D728369B4D00E824B1 /* LaunchScreen.storyboard in Resources */ = {isa = PBXBuildFile; fileRef = 8623F1D528369B4D00E824B1 /* LaunchScreen.storyboard */; };
		8623F1DF2836A1C600E824B1 /* homeViewController.swift in Sources */ = {isa = PBXBuildFile; fileRef = 8623F1DE2836A1C600E824B1 /* homeViewController.swift */; };
		8623F1E12836A1D000E824B1 /* reqViewController.swift in Sources */ = {isa = PBXBuildFile; fileRef = 8623F1E02836A1D000E824B1 /* reqViewController.swift */; };
		86E44F552836A943006875AC /* ProductList+CoreDataClass.swift in Sources */ = {isa = PBXBuildFile; fileRef = 86E44F532836A943006875AC /* ProductList+CoreDataClass.swift */; };
		86E44F562836A943006875AC /* ProductList+CoreDataProperties.swift in Sources */ = {isa = PBXBuildFile; fileRef = 86E44F542836A943006875AC /* ProductList+CoreDataProperties.swift */; };
/* End PBXBuildFile section */

/* Begin PBXFileReference section */
		8623F1C428369B4C00E824B1 /* Grocery_Manager.app */ = {isa = PBXFileReference; explicitFileType = wrapper.application; includeInIndex = 0; path = Grocery_Manager.app; sourceTree = BUILT_PRODUCTS_DIR; };
		8623F1C728369B4C00E824B1 /* AppDelegate.swift */ = {isa = PBXFileReference; lastKnownFileType = sourcecode.swift; path = AppDelegate.swift; sourceTree = "<group>"; };
		8623F1C928369B4C00E824B1 /* SceneDelegate.swift */ = {isa = PBXFileReference; lastKnownFileType = sourcecode.swift; path = SceneDelegate.swift; sourceTree = "<group>"; };
		8623F1CB28369B4C00E824B1 /* ViewController.swift */ = {isa = PBXFileReference; lastKnownFileType = sourcecode.swift; path = ViewController.swift; sourceTree = "<group>"; };
		8623F1CE28369B4C00E824B1 /* Base */ = {isa = PBXFileReference; lastKnownFileType = file.storyboard; name = Base; path = Base.lproj/Main.storyboard; sourceTree = "<group>"; };
		8623F1D128369B4C00E824B1 /* Grocery_Manager.xcdatamodel */ = {isa = PBXFileReference; lastKnownFileType = wrapper.xcdatamodel; path = Grocery_Manager.xcdatamodel; sourceTree = "<group>"; };
		8623F1D328369B4D00E824B1 /* Assets.xcassets */ = {isa = PBXFileReference; lastKnownFileType = folder.assetcatalog; path = Assets.xcassets; sourceTree = "<group>"; };
		8623F1D628369B4D00E824B1 /* Base */ = {isa = PBXFileReference; lastKnownFileType = file.storyboard; name = Base; path = Base.lproj/LaunchScreen.storyboard; sourceTree = "<group>"; };
		8623F1D828369B4D00E824B1 /* Info.plist */ = {isa = PBXFileReference; lastKnownFileType = text.plist.xml; path = Info.plist; sourceTree = "<group>"; };
		8623F1DE2836A1C600E824B1 /* homeViewController.swift */ = {isa = PBXFileReference; lastKnownFileType = sourcecode.swift; path = homeViewController.swift; sourceTree = "<group>"; };
		8623F1E02836A1D000E824B1 /* reqViewController.swift */ = {isa = PBXFileReference; lastKnownFileType = sourcecode.swift; path = reqViewController.swift; sourceTree = "<group>"; };
		86E44F532836A943006875AC /* ProductList+CoreDataClass.swift */ = {isa = PBXFileReference; lastKnownFileType = sourcecode.swift; path = "ProductList+CoreDataClass.swift"; sourceTree = "<group>"; };
		86E44F542836A943006875AC /* ProductList+CoreDataProperties.swift */ = {isa = PBXFileReference; lastKnownFileType = sourcecode.swift; path = "ProductList+CoreDataProperties.swift"; sourceTree = "<group>"; };
/* End PBXFileReference section */

/* Begin PBXFrameworksBuildPhase section */
		8623F1C128369B4C00E824B1 /* Frameworks */ = {
			isa = PBXFrameworksBuildPhase;
			buildActionMask = 2147483647;
			files = (
			);
			runOnlyForDeploymentPostprocessing = 0;
		};
/* End PBXFrameworksBuildPhase section */

/* Begin PBXGroup section */
		8623F1BB28369B4C00E824B1 = {
			isa = PBXGroup;
			children = (
				86E44F532836A943006875AC /* ProductList+CoreDataClass.swift */,
				86E44F542836A943006875AC /* ProductList+CoreDataProperties.swift */,
				8623F1C628369B4C00E824B1 /* Grocery_Manager */,
				8623F1C528369B4C00E824B1 /* Products */,
			);
			sourceTree = "<group>";
		};
		8623F1C528369B4C00E824B1 /* Products */ = {
			isa = PBXGroup;
			children = (
				8623F1C428369B4C00E824B1 /* Grocery_Manager.app */,
			);
			name = Products;
			sourceTree = "<group>";
		};
		8623F1C628369B4C00E824B1 /* Grocery_Manager */ = {
			isa = PBXGroup;
			children = (
				8623F1C728369B4C00E824B1 /* AppDelegate.swift */,
				8623F1C928369B4C00E824B1 /* SceneDelegate.swift */,
				8623F1DE2836A1C600E824B1 /* homeViewController.swift */,
				8623F1E02836A1D000E824B1 /* reqViewController.swift */,
				8623F1CB28369B4C00E824B1 /* ViewController.swift */,
				8623F1CD28369B4C00E824B1 /* Main.storyboard */,
				8623F1D328369B4D00E824B1 /* Assets.xcassets */,
				8623F1D528369B4D00E824B1 /* LaunchScreen.storyboard */,
				8623F1D828369B4D00E824B1 /* Info.plist */,
				8623F1D028369B4C00E824B1 /* Grocery_Manager.xcdatamodeld */,
			);
			path = Grocery_Manager;
			sourceTree = "<group>";
		};
/* End PBXGroup section */

/* Begin PBXNativeTarget section */
		8623F1C328369B4C00E824B1 /* Grocery_Manager */ = {
			isa = PBXNativeTarget;
			buildConfigurationList = 8623F1DB28369B4D00E824B1 /* Build configuration list for PBXNativeTarget "Grocery_Manager" */;
			buildPhases = (
				8623F1C028369B4C00E824B1 /* Sources */,
				8623F1C128369B4C00E824B1 /* Frameworks */,
				8623F1C228369B4C00E824B1 /* Resources */,
			);
			buildRules = (
			);
			dependencies = (
			);
			name = Grocery_Manager;
			productName = Grocery_Manager;
			productReference = 8623F1C428369B4C00E824B1 /* Grocery_Manager.app */;
			productType = "com.apple.product-type.application";
		};
/* End PBXNativeTarget section */

/* Begin PBXProject section */
		8623F1BC28369B4C00E824B1 /* Project object */ = {
			isa = PBXProject;
			attributes = {
				BuildIndependentTargetsInParallel = 1;
				LastSwiftUpdateCheck = 1340;
				LastUpgradeCheck = 1340;
				TargetAttributes = {
					8623F1C328369B4C00E824B1 = {
						CreatedOnToolsVersion = 13.4;
					};
				};
			};
			buildConfigurationList = 8623F1BF28369B4C00E824B1 /* Build configuration list for PBXProject "Grocery_Manager" */;
			compatibilityVersion = "Xcode 13.0";
			developmentRegion = en;
			hasScannedForEncodings = 0;
			knownRegions = (
				en,
				Base,
			);
			mainGroup = 8623F1BB28369B4C00E824B1;
			productRefGroup = 8623F1C528369B4C00E824B1 /* Products */;
			projectDirPath = "";
			projectRoot = "";
			targets = (
				8623F1C328369B4C00E824B1 /* Grocery_Manager */,
			);
		};
/* End PBXProject section */

/* Begin PBXResourcesBuildPhase section */
		8623F1C228369B4C00E824B1 /* Resources */ = {
			isa = PBXResourcesBuildPhase;
			buildActionMask = 2147483647;
			files = (
				8623F1D728369B4D00E824B1 /* LaunchScreen.storyboard in Resources */,
				8623F1D428369B4D00E824B1 /* Assets.xcassets in Resources */,
				8623F1CF28369B4C00E824B1 /* Main.storyboard in Resources */,
			);
			runOnlyForDeploymentPostprocessing = 0;
		};
/* End PBXResourcesBuildPhase section */

/* Begin PBXSourcesBuildPhase section */
		8623F1C028369B4C00E824B1 /* Sources */ = {
			isa = PBXSourcesBuildPhase;
			buildActionMask = 2147483647;
			files = (
				8623F1CC28369B4C00E824B1 /* ViewController.swift in Sources */,
				8623F1D228369B4C00E824B1 /* Grocery_Manager.xcdatamodeld in Sources */,
				8623F1C828369B4C00E824B1 /* AppDelegate.swift in Sources */,
				8623F1E12836A1D000E824B1 /* reqViewController.swift in Sources */,
				86E44F552836A943006875AC /* ProductList+CoreDataClass.swift in Sources */,
				8623F1DF2836A1C600E824B1 /* homeViewController.swift in Sources */,
				8623F1CA28369B4C00E824B1 /* SceneDelegate.swift in Sources */,
				86E44F562836A943006875AC /* ProductList+CoreDataProperties.swift in Sources */,
			);
			runOnlyForDeploymentPostprocessing = 0;
		};
/* End PBXSourcesBuildPhase section */

/* Begin PBXVariantGroup section */
		8623F1CD28369B4C00E824B1 /* Main.storyboard */ = {
			isa = PBXVariantGroup;
			children = (
				8623F1CE28369B4C00E824B1 /* Base */,
			);
			name = Main.storyboard;
			sourceTree = "<group>";
		};
		8623F1D528369B4D00E824B1 /* LaunchScreen.storyboard */ = {
			isa = PBXVariantGroup;
			children = (
				8623F1D628369B4D00E824B1 /* Base */,
			);
			name = LaunchScreen.storyboard;
			sourceTree = "<group>";
		};
/* End PBXVariantGroup section */

/* Begin XCBuildConfiguration section */
		8623F1D928369B4D00E824B1 /* Debug */ = {
			isa = XCBuildConfiguration;
			buildSettings = {
				ALWAYS_SEARCH_USER_PATHS = NO;
				CLANG_ANALYZER_NONNULL = YES;
				CLANG_ANALYZER_NUMBER_OBJECT_CONVERSION = YES_AGGRESSIVE;
				CLANG_CXX_LANGUAGE_STANDARD = "gnu++17";
				CLANG_ENABLE_MODULES = YES;
				CLANG_ENABLE_OBJC_ARC = YES;
				CLANG_ENABLE_OBJC_WEAK = YES;
				CLANG_WARN_BLOCK_CAPTURE_AUTORELEASING = YES;
				CLANG_WARN_BOOL_CONVERSION = YES;
				CLANG_WARN_COMMA = YES;
				CLANG_WARN_CONSTANT_CONVERSION = YES;
				CLANG_WARN_DEPRECATED_OBJC_IMPLEMENTATIONS = YES;
				CLANG_WARN_DIRECT_OBJC_ISA_USAGE = YES_ERROR;
				CLANG_WARN_DOCUMENTATION_COMMENTS = YES;
				CLANG_WARN_EMPTY_BODY = YES;
				CLANG_WARN_ENUM_CONVERSION = YES;
				CLANG_WARN_INFINITE_RECURSION = YES;
				CLANG_WARN_INT_CONVERSION = YES;
				CLANG_WARN_NON_LITERAL_NULL_CONVERSION = YES;
				CLANG_WARN_OBJC_IMPLICIT_RETAIN_SELF = YES;
				CLANG_WARN_OBJC_LITERAL_CONVERSION = YES;
				CLANG_WARN_OBJC_ROOT_CLASS = YES_ERROR;
				CLANG_WARN_QUOTED_INCLUDE_IN_FRAMEWORK_HEADER = YES;
				CLANG_WARN_RANGE_LOOP_ANALYSIS = YES;
				CLANG_WARN_STRICT_PROTOTYPES = YES;
				CLANG_WARN_SUSPICIOUS_MOVE = YES;
				CLANG_WARN_UNGUARDED_AVAILABILITY = YES_AGGRESSIVE;
				CLANG_WARN_UNREACHABLE_CODE = YES;
				CLANG_WARN__DUPLICATE_METHOD_MATCH = YES;
				COPY_PHASE_STRIP = NO;
				DEBUG_INFORMATION_FORMAT = dwarf;
				ENABLE_STRICT_OBJC_MSGSEND = YES;
				ENABLE_TESTABILITY = YES;
				GCC_C_LANGUAGE_STANDARD = gnu11;
				GCC_DYNAMIC_NO_PIC = NO;
				GCC_NO_COMMON_BLOCKS = YES;
				GCC_OPTIMIZATION_LEVEL = 0;
				GCC_PREPROCESSOR_DEFINITIONS = (
					"DEBUG=1",
					"$(inherited)",
				);
				GCC_WARN_64_TO_32_BIT_CONVERSION = YES;
				GCC_WARN_ABOUT_RETURN_TYPE = YES_ERROR;
				GCC_WARN_UNDECLARED_SELECTOR = YES;
				GCC_WARN_UNINITIALIZED_AUTOS = YES_AGGRESSIVE;
				GCC_WARN_UNUSED_FUNCTION = YES;
				GCC_WARN_UNUSED_VARIABLE = YES;
				IPHONEOS_DEPLOYMENT_TARGET = 15.5;
				MTL_ENABLE_DEBUG_INFO = INCLUDE_SOURCE;
				MTL_FAST_MATH = YES;
				ONLY_ACTIVE_ARCH = YES;
				SDKROOT = iphoneos;
				SWIFT_ACTIVE_COMPILATION_CONDITIONS = DEBUG;
				SWIFT_OPTIMIZATION_LEVEL = "-Onone";
			};
			name = Debug;
		};
		8623F1DA28369B4D00E824B1 /* Release */ = {
			isa = XCBuildConfiguration;
			buildSettings = {
				ALWAYS_SEARCH_USER_PATHS = NO;
				CLANG_ANALYZER_NONNULL = YES;
				CLANG_ANALYZER_NUMBER_OBJECT_CONVERSION = YES_AGGRESSIVE;
				CLANG_CXX_LANGUAGE_STANDARD = "gnu++17";
				CLANG_ENABLE_MODULES = YES;
				CLANG_ENABLE_OBJC_ARC = YES;
				CLANG_ENABLE_OBJC_WEAK = YES;
				CLANG_WARN_BLOCK_CAPTURE_AUTORELEASING = YES;
				CLANG_WARN_BOOL_CONVERSION = YES;
				CLANG_WARN_COMMA = YES;
				CLANG_WARN_CONSTANT_CONVERSION = YES;
				CLANG_WARN_DEPRECATED_OBJC_IMPLEMENTATIONS = YES;
				CLANG_WARN_DIRECT_OBJC_ISA_USAGE = YES_ERROR;
				CLANG_WARN_DOCUMENTATION_COMMENTS = YES;
				CLANG_WARN_EMPTY_BODY = YES;
				CLANG_WARN_ENUM_CONVERSION = YES;
				CLANG_WARN_INFINITE_RECURSION = YES;
				CLANG_WARN_INT_CONVERSION = YES;
				CLANG_WARN_NON_LITERAL_NULL_CONVERSION = YES;
				CLANG_WARN_OBJC_IMPLICIT_RETAIN_SELF = YES;
				CLANG_WARN_OBJC_LITERAL_CONVERSION = YES;
				CLANG_WARN_OBJC_ROOT_CLASS = YES_ERROR;
				CLANG_WARN_QUOTED_INCLUDE_IN_FRAMEWORK_HEADER = YES;
				CLANG_WARN_RANGE_LOOP_ANALYSIS = YES;
				CLANG_WARN_STRICT_PROTOTYPES = YES;
				CLANG_WARN_SUSPICIOUS_MOVE = YES;
				CLANG_WARN_UNGUARDED_AVAILABILITY = YES_AGGRESSIVE;
				CLANG_WARN_UNREACHABLE_CODE = YES;
				CLANG_WARN__DUPLICATE_METHOD_MATCH = YES;
				COPY_PHASE_STRIP = NO;
				DEBUG_INFORMATION_FORMAT = "dwarf-with-dsym";
				ENABLE_NS_ASSERTIONS = NO;
				ENABLE_STRICT_OBJC_MSGSEND = YES;
				GCC_C_LANGUAGE_STANDARD = gnu11;
				GCC_NO_COMMON_BLOCKS = YES;
				GCC_WARN_64_TO_32_BIT_CONVERSION = YES;
				GCC_WARN_ABOUT_RETURN_TYPE = YES_ERROR;
				GCC_WARN_UNDECLARED_SELECTOR = YES;
				GCC_WARN_UNINITIALIZED_AUTOS = YES_AGGRESSIVE;
				GCC_WARN_UNUSED_FUNCTION = YES;
				GCC_WARN_UNUSED_VARIABLE = YES;
				IPHONEOS_DEPLOYMENT_TARGET = 15.5;
				MTL_ENABLE_DEBUG_INFO = NO;
				MTL_FAST_MATH = YES;
				SDKROOT = iphoneos;
				SWIFT_COMPILATION_MODE = wholemodule;
				SWIFT_OPTIMIZATION_LEVEL = "-O";
				VALIDATE_PRODUCT = YES;
			};
			name = Release;
		};
		8623F1DC28369B4D00E824B1 /* Debug */ = {
			isa = XCBuildConfiguration;
			buildSettings = {
				ASSETCATALOG_COMPILER_APPICON_NAME = AppIcon;
				ASSETCATALOG_COMPILER_GLOBAL_ACCENT_COLOR_NAME = AccentColor;
				CODE_SIGN_STYLE = Automatic;
				CURRENT_PROJECT_VERSION = 1;
				DEVELOPMENT_TEAM = L3ZW5SA328;
				GENERATE_INFOPLIST_FILE = YES;
				INFOPLIST_FILE = Grocery_Manager/Info.plist;
				INFOPLIST_KEY_UIApplicationSupportsIndirectInputEvents = YES;
				INFOPLIST_KEY_UILaunchStoryboardName = LaunchScreen;
				INFOPLIST_KEY_UIMainStoryboardFile = Main;
				INFOPLIST_KEY_UISupportedInterfaceOrientations_iPad = "UIInterfaceOrientationPortrait UIInterfaceOrientationPortraitUpsideDown UIInterfaceOrientationLandscapeLeft UIInterfaceOrientationLandscapeRight";
				INFOPLIST_KEY_UISupportedInterfaceOrientations_iPhone = "UIInterfaceOrientationPortrait UIInterfaceOrientationLandscapeLeft UIInterfaceOrientationLandscapeRight";
				LD_RUNPATH_SEARCH_PATHS = (
					"$(inherited)",
					"@executable_path/Frameworks",
				);
				MARKETING_VERSION = 1.0;
				PRODUCT_BUNDLE_IDENTIFIER = "br.ufpe.cin.academy.Grocery-Manager";
				PRODUCT_NAME = "$(TARGET_NAME)";
				SWIFT_EMIT_LOC_STRINGS = YES;
				SWIFT_VERSION = 5.0;
				TARGETED_DEVICE_FAMILY = "1,2";
			};
			name = Debug;
		};
		8623F1DD28369B4D00E824B1 /* Release */ = {
			isa = XCBuildConfiguration;
			buildSettings = {
				ASSETCATALOG_COMPILER_APPICON_NAME = AppIcon;
				ASSETCATALOG_COMPILER_GLOBAL_ACCENT_COLOR_NAME = AccentColor;
				CODE_SIGN_STYLE = Automatic;
				CURRENT_PROJECT_VERSION = 1;
				DEVELOPMENT_TEAM = L3ZW5SA328;
				GENERATE_INFOPLIST_FILE = YES;
				INFOPLIST_FILE = Grocery_Manager/Info.plist;
				INFOPLIST_KEY_UIApplicationSupportsIndirectInputEvents = YES;
				INFOPLIST_KEY_UILaunchStoryboardName = LaunchScreen;
				INFOPLIST_KEY_UIMainStoryboardFile = Main;
				INFOPLIST_KEY_UISupportedInterfaceOrientations_iPad = "UIInterfaceOrientationPortrait UIInterfaceOrientationPortraitUpsideDown UIInterfaceOrientationLandscapeLeft UIInterfaceOrientationLandscapeRight";
				INFOPLIST_KEY_UISupportedInterfaceOrientations_iPhone = "UIInterfaceOrientationPortrait UIInterfaceOrientationLandscapeLeft UIInterfaceOrientationLandscapeRight";
				LD_RUNPATH_SEARCH_PATHS = (
					"$(inherited)",
					"@executable_path/Frameworks",
				);
				MARKETING_VERSION = 1.0;
				PRODUCT_BUNDLE_IDENTIFIER = "br.ufpe.cin.academy.Grocery-Manager";
				PRODUCT_NAME = "$(TARGET_NAME)";
				SWIFT_EMIT_LOC_STRINGS = YES;
				SWIFT_VERSION = 5.0;
				TARGETED_DEVICE_FAMILY = "1,2";
			};
			name = Release;
		};
/* End XCBuildConfiguration section */

/* Begin XCConfigurationList section */
		8623F1BF28369B4C00E824B1 /* Build configuration list for PBXProject "Grocery_Manager" */ = {
			isa = XCConfigurationList;
			buildConfigurations = (
				8623F1D928369B4D00E824B1 /* Debug */,
				8623F1DA28369B4D00E824B1 /* Release */,
			);
			defaultConfigurationIsVisible = 0;
			defaultConfigurationName = Release;
		};
		8623F1DB28369B4D00E824B1 /* Build configuration list for PBXNativeTarget "Grocery_Manager" */ = {
			isa = XCConfigurationList;
			buildConfigurations = (
				8623F1DC28369B4D00E824B1 /* Debug */,
				8623F1DD28369B4D00E824B1 /* Release */,
			);
			defaultConfigurationIsVisible = 0;
			defaultConfigurationName = Release;
		};
/* End XCConfigurationList section */

/* Begin XCVersionGroup section */
		8623F1D028369B4C00E824B1 /* Grocery_Manager.xcdatamodeld */ = {
			isa = XCVersionGroup;
			children = (
				8623F1D128369B4C00E824B1 /* Grocery_Manager.xcdatamodel */,
			);
			currentVersion = 8623F1D128369B4C00E824B1 /* Grocery_Manager.xcdatamodel */;
			path = Grocery_Manager.xcdatamodeld;
			sourceTree = "<group>";
			versionGroupType = wrapper.xcdatamodel;
		};
/* End XCVersionGroup section */
	};
	rootObject = 8623F1BC28369B4C00E824B1 /* Project object */;
}
